
Microsoft Visual Studio Solution File, Format Version 12.00
# Visual Studio Version 17
VisualStudioVersion = 17.6.33815.320
MinimumVisualStudioVersion = 10.0.40219.1
Project("{9A19103F-16F7-4668-BE54-9A1E7A4F7556}") = "Recipe.Library", "Recipe.Library\Recipe.Library.csproj", "{DD9D9AB0-023A-43C3-AE0B-8DE0076C9C69}"
EndProject
Project("{FAE04EC0-301F-11D3-BF4B-00C04F79EFBC}") = "Recipe.MVC", "Recipe.MVC\Recipe.MVC.csproj", "{F7470C39-664B-4B04-8FD2-18A797894CE3}"
EndProject
Global
	GlobalSection(SolutionConfigurationPlatforms) = preSolution
		Debug|Any CPU = Debug|Any CPU
		Release|Any CPU = Release|Any CPU
	EndGlobalSection
	GlobalSection(ProjectConfigurationPlatforms) = postSolution
		{DD9D9AB0-023A-43C3-AE0B-8DE0076C9C69}.Debug|Any CPU.ActiveCfg = Debug|Any CPU
		{DD9D9AB0-023A-43C3-AE0B-8DE0076C9C69}.Debug|Any CPU.Build.0 = Debug|Any CPU
		{DD9D9AB0-023A-43C3-AE0B-8DE0076C9C69}.Release|Any CPU.ActiveCfg = Release|Any CPU
		{DD9D9AB0-023A-43C3-AE0B-8DE0076C9C69}.Release|Any CPU.Build.0 = Release|Any CPU
		{F7470C39-664B-4B04-8FD2-18A797894CE3}.Debug|Any CPU.ActiveCfg = Debug|Any CPU
		{F7470C39-664B-4B04-8FD2-18A797894CE3}.Debug|Any CPU.Build.0 = Debug|Any CPU
		{F7470C39-664B-4B04-8FD2-18A797894CE3}.Release|Any CPU.ActiveCfg = Release|Any CPU
		{F7470C39-664B-4B04-8FD2-18A797894CE3}.Release|Any CPU.Build.0 = Release|Any CPU
	EndGlobalSection
	GlobalSection(SolutionProperties) = preSolution
		HideSolutionNode = FALSE
	EndGlobalSection
	GlobalSection(ExtensibilityGlobals) = postSolution
		SolutionGuid = {1721FCF9-53CD-40B1-91FC-555B0E8907B4}
	EndGlobalSection
EndGlobal
